
Microsoft Visual Studio Solution File, Format Version 12.00
# Visual Studio 15
VisualStudioVersion = 15.0.26730.12
MinimumVisualStudioVersion = 10.0.40219.1
Project("{2150E333-8FDC-42A3-9474-1A3956D46DE8}") = "Graph", "Graph", "{427CC021-4F70-47C3-8A03-BE83C181A859}"
EndProject
Project("{2150E333-8FDC-42A3-9474-1A3956D46DE8}") = "DataStructure", "DataStructure", "{F8F69CAD-5FEF-4C75-B074-CCEAFAE13CA5}"
EndProject
Project("{2150E333-8FDC-42A3-9474-1A3956D46DE8}") = "DynamicProgramming", "DynamicProgramming", "{82AEF049-5E7E-4BDC-91FF-FC5E71BA2D27}"
EndProject
Project("{2150E333-8FDC-42A3-9474-1A3956D46DE8}") = "Test", "Test", "{7AA8226A-BB02-4F10-9249-941307F86412}"
EndProject
Project("{FAE04EC0-301F-11D3-BF4B-00C04F79EFBC}") = "DataStructureTest", "Test\DataStructureTest\DataStructureTest.csproj", "{38A98CC5-6759-4AC8-B7CA-ECC34D1687FD}"
EndProject
Project("{FAE04EC0-301F-11D3-BF4B-00C04F79EFBC}") = "DataStructure", "DataStructure\DataStructure.csproj", "{0CF9B7EC-8494-416C-955D-A566CA20F0FB}"
EndProject
Project("{2150E333-8FDC-42A3-9474-1A3956D46DE8}") = "Utils", "Utils", "{0322854E-DA3F-461A-ACA1-D95956C670F9}"
EndProject
Project("{FAE04EC0-301F-11D3-BF4B-00C04F79EFBC}") = "Utils", "Utils\Utils.csproj", "{7E719EA7-F582-41D1-97E2-87B016D0D42B}"
EndProject
Project("{2150E333-8FDC-42A3-9474-1A3956D46DE8}") = "Geometry", "Geometry", "{45993CD9-026E-4B37-BF7D-5C3493B22F7F}"
EndProject
Project("{FAE04EC0-301F-11D3-BF4B-00C04F79EFBC}") = "Geometry", "Geometry\Geometry.csproj", "{84D2C1C9-15F0-4E0A-B8C1-203455378ECF}"
EndProject
Project("{FAE04EC0-301F-11D3-BF4B-00C04F79EFBC}") = "GraphTest", "Test\GraphTest\GraphTest.csproj", "{032D62F6-8179-4B6B-98DE-A1F9720DAC12}"
EndProject
Project("{FAE04EC0-301F-11D3-BF4B-00C04F79EFBC}") = "GeometryTest", "Test\GeometryTest\GeometryTest.csproj", "{343AFCDB-A68E-433C-A4E9-92B00EFEB03A}"
EndProject
Project("{2150E333-8FDC-42A3-9474-1A3956D46DE8}") = "BitOperation", "BitOperation", "{A1F8B26B-C3CC-4766-8177-2194368649E4}"
EndProject
Project("{FAE04EC0-301F-11D3-BF4B-00C04F79EFBC}") = "BitOperation", "BitOperation\BitOperation.csproj", "{2C0D34EF-DCBB-40F9-8E10-F78D122FFBE9}"
EndProject
Project("{FAE04EC0-301F-11D3-BF4B-00C04F79EFBC}") = "UtilsTest", "Test\UtilsTest\UtilsTest.csproj", "{BACF8168-477F-4997-BA40-B2C24C511CFB}"
EndProject
Project("{FAE04EC0-301F-11D3-BF4B-00C04F79EFBC}") = "BitOperationTest", "Test\BitOperationTest\BitOperationTest.csproj", "{5A160924-9EA9-4615-8330-F57942A944CD}"
EndProject
Project("{2150E333-8FDC-42A3-9474-1A3956D46DE8}") = "Searching", "Searching", "{B0366A0E-DD1A-45C5-B280-4884899F5413}"
EndProject
Project("{FAE04EC0-301F-11D3-BF4B-00C04F79EFBC}") = "Maths", "Math\Maths.csproj", "{C7AC4EBC-025C-4951-A40D-5952B3B2502C}"
EndProject
Project("{FAE04EC0-301F-11D3-BF4B-00C04F79EFBC}") = "Searching", "Searches\Searching.csproj", "{4A1FC679-E57A-4565-9F6D-D417DC059935}"
EndProject
Project("{FAE04EC0-301F-11D3-BF4B-00C04F79EFBC}") = "MathTest", "Test\MathTest\MathTest.csproj", "{1F27346E-82F2-49D7-9689-D246C6B5C41A}"
EndProject
Project("{FAE04EC0-301F-11D3-BF4B-00C04F79EFBC}") = "Graph", "Graph\Graph.csproj", "{C7825B97-0FDD-40D4-97AA-771793CCF469}"
EndProject
Project("{2150E333-8FDC-42A3-9474-1A3956D46DE8}") = "Maths", "Maths", "{1C18AE22-375E-48BC-808B-387A584503F9}"
EndProject
Project("{FAE04EC0-301F-11D3-BF4B-00C04F79EFBC}") = "DynamicProgramming", "DynamicProgramming\DynamicProgramming.csproj", "{AEDB9D2E-8CD6-401D-B326-D1B95374A517}"
EndProject
Global
	GlobalSection(SolutionConfigurationPlatforms) = preSolution
		Debug|Any CPU = Debug|Any CPU
		Release|Any CPU = Release|Any CPU
	EndGlobalSection
	GlobalSection(ProjectConfigurationPlatforms) = postSolution
		{38A98CC5-6759-4AC8-B7CA-ECC34D1687FD}.Debug|Any CPU.ActiveCfg = Debug|Any CPU
		{38A98CC5-6759-4AC8-B7CA-ECC34D1687FD}.Debug|Any CPU.Build.0 = Debug|Any CPU
		{38A98CC5-6759-4AC8-B7CA-ECC34D1687FD}.Release|Any CPU.ActiveCfg = Release|Any CPU
		{38A98CC5-6759-4AC8-B7CA-ECC34D1687FD}.Release|Any CPU.Build.0 = Release|Any CPU
		{0CF9B7EC-8494-416C-955D-A566CA20F0FB}.Debug|Any CPU.ActiveCfg = Debug|Any CPU
		{0CF9B7EC-8494-416C-955D-A566CA20F0FB}.Debug|Any CPU.Build.0 = Debug|Any CPU
		{0CF9B7EC-8494-416C-955D-A566CA20F0FB}.Release|Any CPU.ActiveCfg = Release|Any CPU
		{0CF9B7EC-8494-416C-955D-A566CA20F0FB}.Release|Any CPU.Build.0 = Release|Any CPU
		{7E719EA7-F582-41D1-97E2-87B016D0D42B}.Debug|Any CPU.ActiveCfg = Debug|Any CPU
		{7E719EA7-F582-41D1-97E2-87B016D0D42B}.Debug|Any CPU.Build.0 = Debug|Any CPU
		{7E719EA7-F582-41D1-97E2-87B016D0D42B}.Release|Any CPU.ActiveCfg = Release|Any CPU
		{7E719EA7-F582-41D1-97E2-87B016D0D42B}.Release|Any CPU.Build.0 = Release|Any CPU
		{84D2C1C9-15F0-4E0A-B8C1-203455378ECF}.Debug|Any CPU.ActiveCfg = Debug|Any CPU
		{84D2C1C9-15F0-4E0A-B8C1-203455378ECF}.Debug|Any CPU.Build.0 = Debug|Any CPU
		{84D2C1C9-15F0-4E0A-B8C1-203455378ECF}.Release|Any CPU.ActiveCfg = Release|Any CPU
		{84D2C1C9-15F0-4E0A-B8C1-203455378ECF}.Release|Any CPU.Build.0 = Release|Any CPU
		{032D62F6-8179-4B6B-98DE-A1F9720DAC12}.Debug|Any CPU.ActiveCfg = Debug|Any CPU
		{032D62F6-8179-4B6B-98DE-A1F9720DAC12}.Debug|Any CPU.Build.0 = Debug|Any CPU
		{032D62F6-8179-4B6B-98DE-A1F9720DAC12}.Release|Any CPU.ActiveCfg = Release|Any CPU
		{032D62F6-8179-4B6B-98DE-A1F9720DAC12}.Release|Any CPU.Build.0 = Release|Any CPU
		{343AFCDB-A68E-433C-A4E9-92B00EFEB03A}.Debug|Any CPU.ActiveCfg = Debug|Any CPU
		{343AFCDB-A68E-433C-A4E9-92B00EFEB03A}.Debug|Any CPU.Build.0 = Debug|Any CPU
		{343AFCDB-A68E-433C-A4E9-92B00EFEB03A}.Release|Any CPU.ActiveCfg = Release|Any CPU
		{343AFCDB-A68E-433C-A4E9-92B00EFEB03A}.Release|Any CPU.Build.0 = Release|Any CPU
		{2C0D34EF-DCBB-40F9-8E10-F78D122FFBE9}.Debug|Any CPU.ActiveCfg = Debug|Any CPU
		{2C0D34EF-DCBB-40F9-8E10-F78D122FFBE9}.Debug|Any CPU.Build.0 = Debug|Any CPU
		{2C0D34EF-DCBB-40F9-8E10-F78D122FFBE9}.Release|Any CPU.ActiveCfg = Release|Any CPU
		{2C0D34EF-DCBB-40F9-8E10-F78D122FFBE9}.Release|Any CPU.Build.0 = Release|Any CPU
		{BACF8168-477F-4997-BA40-B2C24C511CFB}.Debug|Any CPU.ActiveCfg = Debug|Any CPU
		{BACF8168-477F-4997-BA40-B2C24C511CFB}.Debug|Any CPU.Build.0 = Debug|Any CPU
		{BACF8168-477F-4997-BA40-B2C24C511CFB}.Release|Any CPU.ActiveCfg = Release|Any CPU
		{BACF8168-477F-4997-BA40-B2C24C511CFB}.Release|Any CPU.Build.0 = Release|Any CPU
		{5A160924-9EA9-4615-8330-F57942A944CD}.Debug|Any CPU.ActiveCfg = Debug|Any CPU
		{5A160924-9EA9-4615-8330-F57942A944CD}.Debug|Any CPU.Build.0 = Debug|Any CPU
		{5A160924-9EA9-4615-8330-F57942A944CD}.Release|Any CPU.ActiveCfg = Release|Any CPU
		{5A160924-9EA9-4615-8330-F57942A944CD}.Release|Any CPU.Build.0 = Release|Any CPU
		{C7AC4EBC-025C-4951-A40D-5952B3B2502C}.Debug|Any CPU.ActiveCfg = Debug|Any CPU
		{C7AC4EBC-025C-4951-A40D-5952B3B2502C}.Debug|Any CPU.Build.0 = Debug|Any CPU
		{C7AC4EBC-025C-4951-A40D-5952B3B2502C}.Release|Any CPU.ActiveCfg = Release|Any CPU
		{C7AC4EBC-025C-4951-A40D-5952B3B2502C}.Release|Any CPU.Build.0 = Release|Any CPU
		{4A1FC679-E57A-4565-9F6D-D417DC059935}.Debug|Any CPU.ActiveCfg = Debug|Any CPU
		{4A1FC679-E57A-4565-9F6D-D417DC059935}.Debug|Any CPU.Build.0 = Debug|Any CPU
		{4A1FC679-E57A-4565-9F6D-D417DC059935}.Release|Any CPU.ActiveCfg = Release|Any CPU
		{4A1FC679-E57A-4565-9F6D-D417DC059935}.Release|Any CPU.Build.0 = Release|Any CPU
		{1F27346E-82F2-49D7-9689-D246C6B5C41A}.Debug|Any CPU.ActiveCfg = Debug|Any CPU
		{1F27346E-82F2-49D7-9689-D246C6B5C41A}.Debug|Any CPU.Build.0 = Debug|Any CPU
		{1F27346E-82F2-49D7-9689-D246C6B5C41A}.Release|Any CPU.ActiveCfg = Release|Any CPU
		{1F27346E-82F2-49D7-9689-D246C6B5C41A}.Release|Any CPU.Build.0 = Release|Any CPU
		{C7825B97-0FDD-40D4-97AA-771793CCF469}.Debug|Any CPU.ActiveCfg = Debug|Any CPU
		{C7825B97-0FDD-40D4-97AA-771793CCF469}.Debug|Any CPU.Build.0 = Debug|Any CPU
		{C7825B97-0FDD-40D4-97AA-771793CCF469}.Release|Any CPU.ActiveCfg = Release|Any CPU
		{C7825B97-0FDD-40D4-97AA-771793CCF469}.Release|Any CPU.Build.0 = Release|Any CPU
		{AEDB9D2E-8CD6-401D-B326-D1B95374A517}.Debug|Any CPU.ActiveCfg = Debug|Any CPU
		{AEDB9D2E-8CD6-401D-B326-D1B95374A517}.Debug|Any CPU.Build.0 = Debug|Any CPU
		{AEDB9D2E-8CD6-401D-B326-D1B95374A517}.Release|Any CPU.ActiveCfg = Release|Any CPU
		{AEDB9D2E-8CD6-401D-B326-D1B95374A517}.Release|Any CPU.Build.0 = Release|Any CPU
	EndGlobalSection
	GlobalSection(SolutionProperties) = preSolution
		HideSolutionNode = FALSE
	EndGlobalSection
	GlobalSection(NestedProjects) = preSolution
		{38A98CC5-6759-4AC8-B7CA-ECC34D1687FD} = {7AA8226A-BB02-4F10-9249-941307F86412}
		{0CF9B7EC-8494-416C-955D-A566CA20F0FB} = {F8F69CAD-5FEF-4C75-B074-CCEAFAE13CA5}
		{7E719EA7-F582-41D1-97E2-87B016D0D42B} = {0322854E-DA3F-461A-ACA1-D95956C670F9}
		{84D2C1C9-15F0-4E0A-B8C1-203455378ECF} = {45993CD9-026E-4B37-BF7D-5C3493B22F7F}
		{032D62F6-8179-4B6B-98DE-A1F9720DAC12} = {7AA8226A-BB02-4F10-9249-941307F86412}
		{343AFCDB-A68E-433C-A4E9-92B00EFEB03A} = {7AA8226A-BB02-4F10-9249-941307F86412}
		{2C0D34EF-DCBB-40F9-8E10-F78D122FFBE9} = {A1F8B26B-C3CC-4766-8177-2194368649E4}
		{BACF8168-477F-4997-BA40-B2C24C511CFB} = {7AA8226A-BB02-4F10-9249-941307F86412}
		{5A160924-9EA9-4615-8330-F57942A944CD} = {7AA8226A-BB02-4F10-9249-941307F86412}
		{C7AC4EBC-025C-4951-A40D-5952B3B2502C} = {1C18AE22-375E-48BC-808B-387A584503F9}
		{4A1FC679-E57A-4565-9F6D-D417DC059935} = {B0366A0E-DD1A-45C5-B280-4884899F5413}
		{1F27346E-82F2-49D7-9689-D246C6B5C41A} = {7AA8226A-BB02-4F10-9249-941307F86412}
		{C7825B97-0FDD-40D4-97AA-771793CCF469} = {427CC021-4F70-47C3-8A03-BE83C181A859}
		{AEDB9D2E-8CD6-401D-B326-D1B95374A517} = {82AEF049-5E7E-4BDC-91FF-FC5E71BA2D27}
	EndGlobalSection
	GlobalSection(ExtensibilityGlobals) = postSolution
		SolutionGuid = {D3987C77-BDC5-4F2C-8E06-AE566FD808CC}
	EndGlobalSection
EndGlobal
