
Microsoft Visual Studio Solution File, Format Version 12.00
# Visual Studio 15
VisualStudioVersion = 15.0.26730.12
MinimumVisualStudioVersion = 10.0.40219.1
Project("{FAE04EC0-301F-11D3-BF4B-00C04F79EFBC}") = "Graph.Connectivity", "Graph\Graph.Connectivity\Graph.Connectivity.csproj", "{7E34AFE3-842B-4E07-8B20-43F7F75F58D5}"
EndProject
Project("{FAE04EC0-301F-11D3-BF4B-00C04F79EFBC}") = "Graph.Cycle", "Graph\Graph.Cycle\Graph.Cycle.csproj", "{7ECC1890-9015-43A6-8BC1-F122E6020DE4}"
EndProject
Project("{2150E333-8FDC-42A3-9474-1A3956D46DE8}") = "Graph", "Graph", "{427CC021-4F70-47C3-8A03-BE83C181A859}"
EndProject
Project("{FAE04EC0-301F-11D3-BF4B-00C04F79EFBC}") = "Graph.DFS.BFS", "Graph\Graph.DFS.BFS\Graph.DFS.BFS.csproj", "{02EFC24E-313F-4E51-98D7-A8A5AD179C05}"
EndProject
Project("{2150E333-8FDC-42A3-9474-1A3956D46DE8}") = "DataStructure", "DataStructure", "{F8F69CAD-5FEF-4C75-B074-CCEAFAE13CA5}"
EndProject
Project("{2150E333-8FDC-42A3-9474-1A3956D46DE8}") = "Collection", "Collection", "{82AEF049-5E7E-4BDC-91FF-FC5E71BA2D27}"
EndProject
Project("{FAE04EC0-301F-11D3-BF4B-00C04F79EFBC}") = "Collection", "Collection\Collection.csproj", "{40828EC9-F4C6-4100-8AF9-5DE6BFF9DF61}"
EndProject
Project("{2150E333-8FDC-42A3-9474-1A3956D46DE8}") = "Test", "Test", "{7AA8226A-BB02-4F10-9249-941307F86412}"
EndProject
Project("{FAE04EC0-301F-11D3-BF4B-00C04F79EFBC}") = "DataStructureTest", "Test\DataStructureTest\DataStructureTest.csproj", "{38A98CC5-6759-4AC8-B7CA-ECC34D1687FD}"
EndProject
Project("{FAE04EC0-301F-11D3-BF4B-00C04F79EFBC}") = "DataStructure", "DataStructure\DataStructure.csproj", "{0CF9B7EC-8494-416C-955D-A566CA20F0FB}"
EndProject
Project("{FAE04EC0-301F-11D3-BF4B-00C04F79EFBC}") = "Graph.Flow", "Graph\Graph.Flow\Graph.Flow.csproj", "{4D3F14E9-EBD1-4098-B40C-0F2FC35CED3E}"
EndProject
Project("{FAE04EC0-301F-11D3-BF4B-00C04F79EFBC}") = "Graph.MinimumSpanningTree", "Graph\Graph.MinimumSpanningTree\Graph.MinimumSpanningTree.csproj", "{F23F610F-128F-46A1-BF57-FB045E307C75}"
EndProject
Project("{FAE04EC0-301F-11D3-BF4B-00C04F79EFBC}") = "Graph.Path", "Graph\Graph.ShortestPath\Graph.Path.csproj", "{180F3DE8-5011-4D61-90E1-34835B2CDCFE}"
EndProject
Project("{FAE04EC0-301F-11D3-BF4B-00C04F79EFBC}") = "Graph.Tree", "Graph\Graph.Tree\Graph.Tree.csproj", "{E424EDB6-AA5A-491F-AEF7-8F3363C402AC}"
EndProject
Project("{FAE04EC0-301F-11D3-BF4B-00C04F79EFBC}") = "Graph.Other", "Graph\Graph.Other\Graph.Other.csproj", "{BA3CEB29-5BDE-46B5-B62F-3032D3FBE577}"
EndProject
Project("{2150E333-8FDC-42A3-9474-1A3956D46DE8}") = "Utils", "Utils", "{0322854E-DA3F-461A-ACA1-D95956C670F9}"
EndProject
Project("{FAE04EC0-301F-11D3-BF4B-00C04F79EFBC}") = "Utils", "Utils\Utils.csproj", "{7E719EA7-F582-41D1-97E2-87B016D0D42B}"
EndProject
Project("{2150E333-8FDC-42A3-9474-1A3956D46DE8}") = "Geometry", "Geometry", "{45993CD9-026E-4B37-BF7D-5C3493B22F7F}"
EndProject
Project("{FAE04EC0-301F-11D3-BF4B-00C04F79EFBC}") = "Geometry", "Geometry\Geometry.Circle\Geometry.csproj", "{84D2C1C9-15F0-4E0A-B8C1-203455378ECF}"
EndProject
Project("{FAE04EC0-301F-11D3-BF4B-00C04F79EFBC}") = "GraphTest", "Test\GraphTest\GraphTest.csproj", "{032D62F6-8179-4B6B-98DE-A1F9720DAC12}"
EndProject
Project("{FAE04EC0-301F-11D3-BF4B-00C04F79EFBC}") = "GeometryTest", "Test\GeometryTest\GeometryTest.csproj", "{343AFCDB-A68E-433C-A4E9-92B00EFEB03A}"
EndProject
Project("{2150E333-8FDC-42A3-9474-1A3956D46DE8}") = "BitOperation", "BitOperation", "{A1F8B26B-C3CC-4766-8177-2194368649E4}"
EndProject
Project("{FAE04EC0-301F-11D3-BF4B-00C04F79EFBC}") = "BitOperation", "BitOperation\BitOperation.csproj", "{2C0D34EF-DCBB-40F9-8E10-F78D122FFBE9}"
EndProject
Project("{FAE04EC0-301F-11D3-BF4B-00C04F79EFBC}") = "UtilsTest", "Test\UtilsTest\UtilsTest.csproj", "{BACF8168-477F-4997-BA40-B2C24C511CFB}"
EndProject
Project("{FAE04EC0-301F-11D3-BF4B-00C04F79EFBC}") = "BitOperationTest", "Test\BitOperationTest\BitOperationTest.csproj", "{5A160924-9EA9-4615-8330-F57942A944CD}"
EndProject
Project("{2150E333-8FDC-42A3-9474-1A3956D46DE8}") = "PatternSearching", "PatternSearching", "{B0366A0E-DD1A-45C5-B280-4884899F5413}"
EndProject
Project("{FAE04EC0-301F-11D3-BF4B-00C04F79EFBC}") = "PatternSearching", "PatternSearching\PatternSearching.csproj", "{4A1FC679-E57A-4565-9F6D-D417DC059935}"
EndProject
Global
	GlobalSection(SolutionConfigurationPlatforms) = preSolution
		Debug|Any CPU = Debug|Any CPU
		Release|Any CPU = Release|Any CPU
	EndGlobalSection
	GlobalSection(ProjectConfigurationPlatforms) = postSolution
		{7E34AFE3-842B-4E07-8B20-43F7F75F58D5}.Debug|Any CPU.ActiveCfg = Debug|Any CPU
		{7E34AFE3-842B-4E07-8B20-43F7F75F58D5}.Debug|Any CPU.Build.0 = Debug|Any CPU
		{7E34AFE3-842B-4E07-8B20-43F7F75F58D5}.Release|Any CPU.ActiveCfg = Release|Any CPU
		{7E34AFE3-842B-4E07-8B20-43F7F75F58D5}.Release|Any CPU.Build.0 = Release|Any CPU
		{7ECC1890-9015-43A6-8BC1-F122E6020DE4}.Debug|Any CPU.ActiveCfg = Debug|Any CPU
		{7ECC1890-9015-43A6-8BC1-F122E6020DE4}.Debug|Any CPU.Build.0 = Debug|Any CPU
		{7ECC1890-9015-43A6-8BC1-F122E6020DE4}.Release|Any CPU.ActiveCfg = Release|Any CPU
		{7ECC1890-9015-43A6-8BC1-F122E6020DE4}.Release|Any CPU.Build.0 = Release|Any CPU
		{02EFC24E-313F-4E51-98D7-A8A5AD179C05}.Debug|Any CPU.ActiveCfg = Debug|Any CPU
		{02EFC24E-313F-4E51-98D7-A8A5AD179C05}.Debug|Any CPU.Build.0 = Debug|Any CPU
		{02EFC24E-313F-4E51-98D7-A8A5AD179C05}.Release|Any CPU.ActiveCfg = Release|Any CPU
		{02EFC24E-313F-4E51-98D7-A8A5AD179C05}.Release|Any CPU.Build.0 = Release|Any CPU
		{40828EC9-F4C6-4100-8AF9-5DE6BFF9DF61}.Debug|Any CPU.ActiveCfg = Debug|Any CPU
		{40828EC9-F4C6-4100-8AF9-5DE6BFF9DF61}.Debug|Any CPU.Build.0 = Debug|Any CPU
		{40828EC9-F4C6-4100-8AF9-5DE6BFF9DF61}.Release|Any CPU.ActiveCfg = Release|Any CPU
		{40828EC9-F4C6-4100-8AF9-5DE6BFF9DF61}.Release|Any CPU.Build.0 = Release|Any CPU
		{38A98CC5-6759-4AC8-B7CA-ECC34D1687FD}.Debug|Any CPU.ActiveCfg = Debug|Any CPU
		{38A98CC5-6759-4AC8-B7CA-ECC34D1687FD}.Debug|Any CPU.Build.0 = Debug|Any CPU
		{38A98CC5-6759-4AC8-B7CA-ECC34D1687FD}.Release|Any CPU.ActiveCfg = Release|Any CPU
		{38A98CC5-6759-4AC8-B7CA-ECC34D1687FD}.Release|Any CPU.Build.0 = Release|Any CPU
		{0CF9B7EC-8494-416C-955D-A566CA20F0FB}.Debug|Any CPU.ActiveCfg = Debug|Any CPU
		{0CF9B7EC-8494-416C-955D-A566CA20F0FB}.Debug|Any CPU.Build.0 = Debug|Any CPU
		{0CF9B7EC-8494-416C-955D-A566CA20F0FB}.Release|Any CPU.ActiveCfg = Release|Any CPU
		{0CF9B7EC-8494-416C-955D-A566CA20F0FB}.Release|Any CPU.Build.0 = Release|Any CPU
		{4D3F14E9-EBD1-4098-B40C-0F2FC35CED3E}.Debug|Any CPU.ActiveCfg = Debug|Any CPU
		{4D3F14E9-EBD1-4098-B40C-0F2FC35CED3E}.Debug|Any CPU.Build.0 = Debug|Any CPU
		{4D3F14E9-EBD1-4098-B40C-0F2FC35CED3E}.Release|Any CPU.ActiveCfg = Release|Any CPU
		{4D3F14E9-EBD1-4098-B40C-0F2FC35CED3E}.Release|Any CPU.Build.0 = Release|Any CPU
		{F23F610F-128F-46A1-BF57-FB045E307C75}.Debug|Any CPU.ActiveCfg = Debug|Any CPU
		{F23F610F-128F-46A1-BF57-FB045E307C75}.Debug|Any CPU.Build.0 = Debug|Any CPU
		{F23F610F-128F-46A1-BF57-FB045E307C75}.Release|Any CPU.ActiveCfg = Release|Any CPU
		{F23F610F-128F-46A1-BF57-FB045E307C75}.Release|Any CPU.Build.0 = Release|Any CPU
		{180F3DE8-5011-4D61-90E1-34835B2CDCFE}.Debug|Any CPU.ActiveCfg = Debug|Any CPU
		{180F3DE8-5011-4D61-90E1-34835B2CDCFE}.Debug|Any CPU.Build.0 = Debug|Any CPU
		{180F3DE8-5011-4D61-90E1-34835B2CDCFE}.Release|Any CPU.ActiveCfg = Release|Any CPU
		{180F3DE8-5011-4D61-90E1-34835B2CDCFE}.Release|Any CPU.Build.0 = Release|Any CPU
		{E424EDB6-AA5A-491F-AEF7-8F3363C402AC}.Debug|Any CPU.ActiveCfg = Debug|Any CPU
		{E424EDB6-AA5A-491F-AEF7-8F3363C402AC}.Debug|Any CPU.Build.0 = Debug|Any CPU
		{E424EDB6-AA5A-491F-AEF7-8F3363C402AC}.Release|Any CPU.ActiveCfg = Release|Any CPU
		{E424EDB6-AA5A-491F-AEF7-8F3363C402AC}.Release|Any CPU.Build.0 = Release|Any CPU
		{BA3CEB29-5BDE-46B5-B62F-3032D3FBE577}.Debug|Any CPU.ActiveCfg = Debug|Any CPU
		{BA3CEB29-5BDE-46B5-B62F-3032D3FBE577}.Debug|Any CPU.Build.0 = Debug|Any CPU
		{BA3CEB29-5BDE-46B5-B62F-3032D3FBE577}.Release|Any CPU.ActiveCfg = Release|Any CPU
		{BA3CEB29-5BDE-46B5-B62F-3032D3FBE577}.Release|Any CPU.Build.0 = Release|Any CPU
		{7E719EA7-F582-41D1-97E2-87B016D0D42B}.Debug|Any CPU.ActiveCfg = Debug|Any CPU
		{7E719EA7-F582-41D1-97E2-87B016D0D42B}.Debug|Any CPU.Build.0 = Debug|Any CPU
		{7E719EA7-F582-41D1-97E2-87B016D0D42B}.Release|Any CPU.ActiveCfg = Release|Any CPU
		{7E719EA7-F582-41D1-97E2-87B016D0D42B}.Release|Any CPU.Build.0 = Release|Any CPU
		{84D2C1C9-15F0-4E0A-B8C1-203455378ECF}.Debug|Any CPU.ActiveCfg = Debug|Any CPU
		{84D2C1C9-15F0-4E0A-B8C1-203455378ECF}.Debug|Any CPU.Build.0 = Debug|Any CPU
		{84D2C1C9-15F0-4E0A-B8C1-203455378ECF}.Release|Any CPU.ActiveCfg = Release|Any CPU
		{84D2C1C9-15F0-4E0A-B8C1-203455378ECF}.Release|Any CPU.Build.0 = Release|Any CPU
		{032D62F6-8179-4B6B-98DE-A1F9720DAC12}.Debug|Any CPU.ActiveCfg = Debug|Any CPU
		{032D62F6-8179-4B6B-98DE-A1F9720DAC12}.Debug|Any CPU.Build.0 = Debug|Any CPU
		{032D62F6-8179-4B6B-98DE-A1F9720DAC12}.Release|Any CPU.ActiveCfg = Release|Any CPU
		{032D62F6-8179-4B6B-98DE-A1F9720DAC12}.Release|Any CPU.Build.0 = Release|Any CPU
		{343AFCDB-A68E-433C-A4E9-92B00EFEB03A}.Debug|Any CPU.ActiveCfg = Debug|Any CPU
		{343AFCDB-A68E-433C-A4E9-92B00EFEB03A}.Debug|Any CPU.Build.0 = Debug|Any CPU
		{343AFCDB-A68E-433C-A4E9-92B00EFEB03A}.Release|Any CPU.ActiveCfg = Release|Any CPU
		{343AFCDB-A68E-433C-A4E9-92B00EFEB03A}.Release|Any CPU.Build.0 = Release|Any CPU
		{2C0D34EF-DCBB-40F9-8E10-F78D122FFBE9}.Debug|Any CPU.ActiveCfg = Debug|Any CPU
		{2C0D34EF-DCBB-40F9-8E10-F78D122FFBE9}.Debug|Any CPU.Build.0 = Debug|Any CPU
		{2C0D34EF-DCBB-40F9-8E10-F78D122FFBE9}.Release|Any CPU.ActiveCfg = Release|Any CPU
		{2C0D34EF-DCBB-40F9-8E10-F78D122FFBE9}.Release|Any CPU.Build.0 = Release|Any CPU
		{BACF8168-477F-4997-BA40-B2C24C511CFB}.Debug|Any CPU.ActiveCfg = Debug|Any CPU
		{BACF8168-477F-4997-BA40-B2C24C511CFB}.Debug|Any CPU.Build.0 = Debug|Any CPU
		{BACF8168-477F-4997-BA40-B2C24C511CFB}.Release|Any CPU.ActiveCfg = Release|Any CPU
		{BACF8168-477F-4997-BA40-B2C24C511CFB}.Release|Any CPU.Build.0 = Release|Any CPU
		{5A160924-9EA9-4615-8330-F57942A944CD}.Debug|Any CPU.ActiveCfg = Debug|Any CPU
		{5A160924-9EA9-4615-8330-F57942A944CD}.Debug|Any CPU.Build.0 = Debug|Any CPU
		{5A160924-9EA9-4615-8330-F57942A944CD}.Release|Any CPU.ActiveCfg = Release|Any CPU
		{5A160924-9EA9-4615-8330-F57942A944CD}.Release|Any CPU.Build.0 = Release|Any CPU
		{4A1FC679-E57A-4565-9F6D-D417DC059935}.Debug|Any CPU.ActiveCfg = Debug|Any CPU
		{4A1FC679-E57A-4565-9F6D-D417DC059935}.Debug|Any CPU.Build.0 = Debug|Any CPU
		{4A1FC679-E57A-4565-9F6D-D417DC059935}.Release|Any CPU.ActiveCfg = Release|Any CPU
		{4A1FC679-E57A-4565-9F6D-D417DC059935}.Release|Any CPU.Build.0 = Release|Any CPU
	EndGlobalSection
	GlobalSection(SolutionProperties) = preSolution
		HideSolutionNode = FALSE
	EndGlobalSection
	GlobalSection(NestedProjects) = preSolution
		{7E34AFE3-842B-4E07-8B20-43F7F75F58D5} = {427CC021-4F70-47C3-8A03-BE83C181A859}
		{7ECC1890-9015-43A6-8BC1-F122E6020DE4} = {427CC021-4F70-47C3-8A03-BE83C181A859}
		{02EFC24E-313F-4E51-98D7-A8A5AD179C05} = {427CC021-4F70-47C3-8A03-BE83C181A859}
		{40828EC9-F4C6-4100-8AF9-5DE6BFF9DF61} = {82AEF049-5E7E-4BDC-91FF-FC5E71BA2D27}
		{38A98CC5-6759-4AC8-B7CA-ECC34D1687FD} = {7AA8226A-BB02-4F10-9249-941307F86412}
		{0CF9B7EC-8494-416C-955D-A566CA20F0FB} = {F8F69CAD-5FEF-4C75-B074-CCEAFAE13CA5}
		{4D3F14E9-EBD1-4098-B40C-0F2FC35CED3E} = {427CC021-4F70-47C3-8A03-BE83C181A859}
		{F23F610F-128F-46A1-BF57-FB045E307C75} = {427CC021-4F70-47C3-8A03-BE83C181A859}
		{180F3DE8-5011-4D61-90E1-34835B2CDCFE} = {427CC021-4F70-47C3-8A03-BE83C181A859}
		{E424EDB6-AA5A-491F-AEF7-8F3363C402AC} = {427CC021-4F70-47C3-8A03-BE83C181A859}
		{BA3CEB29-5BDE-46B5-B62F-3032D3FBE577} = {427CC021-4F70-47C3-8A03-BE83C181A859}
		{7E719EA7-F582-41D1-97E2-87B016D0D42B} = {0322854E-DA3F-461A-ACA1-D95956C670F9}
		{84D2C1C9-15F0-4E0A-B8C1-203455378ECF} = {45993CD9-026E-4B37-BF7D-5C3493B22F7F}
		{032D62F6-8179-4B6B-98DE-A1F9720DAC12} = {7AA8226A-BB02-4F10-9249-941307F86412}
		{343AFCDB-A68E-433C-A4E9-92B00EFEB03A} = {7AA8226A-BB02-4F10-9249-941307F86412}
		{2C0D34EF-DCBB-40F9-8E10-F78D122FFBE9} = {A1F8B26B-C3CC-4766-8177-2194368649E4}
		{BACF8168-477F-4997-BA40-B2C24C511CFB} = {7AA8226A-BB02-4F10-9249-941307F86412}
		{5A160924-9EA9-4615-8330-F57942A944CD} = {7AA8226A-BB02-4F10-9249-941307F86412}
		{4A1FC679-E57A-4565-9F6D-D417DC059935} = {B0366A0E-DD1A-45C5-B280-4884899F5413}
	EndGlobalSection
	GlobalSection(ExtensibilityGlobals) = postSolution
		SolutionGuid = {D3987C77-BDC5-4F2C-8E06-AE566FD808CC}
	EndGlobalSection
EndGlobal
